
Microsoft Visual Studio Solution File, Format Version 12.00
# Visual Studio 15
VisualStudioVersion = 15.0.28010.2048
MinimumVisualStudioVersion = 10.0.40219.1
Project("{FAE04EC0-301F-11D3-BF4B-00C04F79EFBC}") = "AircallEmployee.Android", "AircallEmployee\AircallEmployee.Android\AircallEmployee.Android.csproj", "{34213E83-8733-4BEA-A86A-D8ED58FE5DED}"
EndProject
Project("{FAE04EC0-301F-11D3-BF4B-00C04F79EFBC}") = "AircallEmployee.iOS", "AircallEmployee\AircallEmployee.iOS\AircallEmployee.iOS.csproj", "{A99EF0BA-4DEA-4432-816F-40E010D36D06}"
EndProject
Project("{9A19103F-16F7-4668-BE54-9A1E7A4F7556}") = "AircallEmployee", "AircallEmployee\AircallEmployee\AircallEmployee.csproj", "{A6FDAC19-9129-45B8-9645-288BB81F64DD}"
EndProject
Global
	GlobalSection(SolutionConfigurationPlatforms) = preSolution
		Ad-Hoc|Any CPU = Ad-Hoc|Any CPU
		Ad-Hoc|iPhone = Ad-Hoc|iPhone
		Ad-Hoc|iPhoneSimulator = Ad-Hoc|iPhoneSimulator
		AppStore|Any CPU = AppStore|Any CPU
		AppStore|iPhone = AppStore|iPhone
		AppStore|iPhoneSimulator = AppStore|iPhoneSimulator
		Debug|Any CPU = Debug|Any CPU
		Debug|iPhone = Debug|iPhone
		Debug|iPhoneSimulator = Debug|iPhoneSimulator
		Release|Any CPU = Release|Any CPU
		Release|iPhone = Release|iPhone
		Release|iPhoneSimulator = Release|iPhoneSimulator
	EndGlobalSection
	GlobalSection(ProjectConfigurationPlatforms) = postSolution
		{34213E83-8733-4BEA-A86A-D8ED58FE5DED}.Ad-Hoc|Any CPU.ActiveCfg = Release|Any CPU
		{34213E83-8733-4BEA-A86A-D8ED58FE5DED}.Ad-Hoc|Any CPU.Build.0 = Release|Any CPU
		{34213E83-8733-4BEA-A86A-D8ED58FE5DED}.Ad-Hoc|Any CPU.Deploy.0 = Release|Any CPU
		{34213E83-8733-4BEA-A86A-D8ED58FE5DED}.Ad-Hoc|iPhone.ActiveCfg = Release|Any CPU
		{34213E83-8733-4BEA-A86A-D8ED58FE5DED}.Ad-Hoc|iPhone.Build.0 = Release|Any CPU
		{34213E83-8733-4BEA-A86A-D8ED58FE5DED}.Ad-Hoc|iPhone.Deploy.0 = Release|Any CPU
		{34213E83-8733-4BEA-A86A-D8ED58FE5DED}.Ad-Hoc|iPhoneSimulator.ActiveCfg = Release|Any CPU
		{34213E83-8733-4BEA-A86A-D8ED58FE5DED}.Ad-Hoc|iPhoneSimulator.Build.0 = Release|Any CPU
		{34213E83-8733-4BEA-A86A-D8ED58FE5DED}.Ad-Hoc|iPhoneSimulator.Deploy.0 = Release|Any CPU
		{34213E83-8733-4BEA-A86A-D8ED58FE5DED}.AppStore|Any CPU.ActiveCfg = Release|Any CPU
		{34213E83-8733-4BEA-A86A-D8ED58FE5DED}.AppStore|Any CPU.Build.0 = Release|Any CPU
		{34213E83-8733-4BEA-A86A-D8ED58FE5DED}.AppStore|Any CPU.Deploy.0 = Release|Any CPU
		{34213E83-8733-4BEA-A86A-D8ED58FE5DED}.AppStore|iPhone.ActiveCfg = Release|Any CPU
		{34213E83-8733-4BEA-A86A-D8ED58FE5DED}.AppStore|iPhone.Build.0 = Release|Any CPU
		{34213E83-8733-4BEA-A86A-D8ED58FE5DED}.AppStore|iPhone.Deploy.0 = Release|Any CPU
		{34213E83-8733-4BEA-A86A-D8ED58FE5DED}.AppStore|iPhoneSimulator.ActiveCfg = Release|Any CPU
		{34213E83-8733-4BEA-A86A-D8ED58FE5DED}.AppStore|iPhoneSimulator.Build.0 = Release|Any CPU
		{34213E83-8733-4BEA-A86A-D8ED58FE5DED}.AppStore|iPhoneSimulator.Deploy.0 = Release|Any CPU
		{34213E83-8733-4BEA-A86A-D8ED58FE5DED}.Debug|Any CPU.ActiveCfg = Debug|Any CPU
		{34213E83-8733-4BEA-A86A-D8ED58FE5DED}.Debug|Any CPU.Build.0 = Debug|Any CPU
		{34213E83-8733-4BEA-A86A-D8ED58FE5DED}.Debug|Any CPU.Deploy.0 = Debug|Any CPU
		{34213E83-8733-4BEA-A86A-D8ED58FE5DED}.Debug|iPhone.ActiveCfg = Debug|Any CPU
		{34213E83-8733-4BEA-A86A-D8ED58FE5DED}.Debug|iPhone.Build.0 = Debug|Any CPU
		{34213E83-8733-4BEA-A86A-D8ED58FE5DED}.Debug|iPhone.Deploy.0 = Debug|Any CPU
		{34213E83-8733-4BEA-A86A-D8ED58FE5DED}.Debug|iPhoneSimulator.ActiveCfg = Debug|Any CPU
		{34213E83-8733-4BEA-A86A-D8ED58FE5DED}.Debug|iPhoneSimulator.Build.0 = Debug|Any CPU
		{34213E83-8733-4BEA-A86A-D8ED58FE5DED}.Debug|iPhoneSimulator.Deploy.0 = Debug|Any CPU
		{34213E83-8733-4BEA-A86A-D8ED58FE5DED}.Release|Any CPU.ActiveCfg = Release|Any CPU
		{34213E83-8733-4BEA-A86A-D8ED58FE5DED}.Release|Any CPU.Build.0 = Release|Any CPU
		{34213E83-8733-4BEA-A86A-D8ED58FE5DED}.Release|Any CPU.Deploy.0 = Release|Any CPU
		{34213E83-8733-4BEA-A86A-D8ED58FE5DED}.Release|iPhone.ActiveCfg = Release|Any CPU
		{34213E83-8733-4BEA-A86A-D8ED58FE5DED}.Release|iPhone.Build.0 = Release|Any CPU
		{34213E83-8733-4BEA-A86A-D8ED58FE5DED}.Release|iPhone.Deploy.0 = Release|Any CPU
		{34213E83-8733-4BEA-A86A-D8ED58FE5DED}.Release|iPhoneSimulator.ActiveCfg = Release|Any CPU
		{34213E83-8733-4BEA-A86A-D8ED58FE5DED}.Release|iPhoneSimulator.Build.0 = Release|Any CPU
		{34213E83-8733-4BEA-A86A-D8ED58FE5DED}.Release|iPhoneSimulator.Deploy.0 = Release|Any CPU
		{A99EF0BA-4DEA-4432-816F-40E010D36D06}.Ad-Hoc|Any CPU.ActiveCfg = Ad-Hoc|iPhone
		{A99EF0BA-4DEA-4432-816F-40E010D36D06}.Ad-Hoc|Any CPU.Build.0 = Ad-Hoc|iPhone
		{A99EF0BA-4DEA-4432-816F-40E010D36D06}.Ad-Hoc|Any CPU.Deploy.0 = Ad-Hoc|iPhone
		{A99EF0BA-4DEA-4432-816F-40E010D36D06}.Ad-Hoc|iPhone.ActiveCfg = Ad-Hoc|iPhone
		{A99EF0BA-4DEA-4432-816F-40E010D36D06}.Ad-Hoc|iPhone.Build.0 = Ad-Hoc|iPhone
		{A99EF0BA-4DEA-4432-816F-40E010D36D06}.Ad-Hoc|iPhone.Deploy.0 = Ad-Hoc|iPhone
		{A99EF0BA-4DEA-4432-816F-40E010D36D06}.Ad-Hoc|iPhoneSimulator.ActiveCfg = Ad-Hoc|iPhoneSimulator
		{A99EF0BA-4DEA-4432-816F-40E010D36D06}.Ad-Hoc|iPhoneSimulator.Build.0 = Ad-Hoc|iPhoneSimulator
		{A99EF0BA-4DEA-4432-816F-40E010D36D06}.Ad-Hoc|iPhoneSimulator.Deploy.0 = Ad-Hoc|iPhoneSimulator
		{A99EF0BA-4DEA-4432-816F-40E010D36D06}.AppStore|Any CPU.ActiveCfg = AppStore|iPhone
		{A99EF0BA-4DEA-4432-816F-40E010D36D06}.AppStore|Any CPU.Build.0 = AppStore|iPhone
		{A99EF0BA-4DEA-4432-816F-40E010D36D06}.AppStore|Any CPU.Deploy.0 = AppStore|iPhone
		{A99EF0BA-4DEA-4432-816F-40E010D36D06}.AppStore|iPhone.ActiveCfg = AppStore|iPhone
		{A99EF0BA-4DEA-4432-816F-40E010D36D06}.AppStore|iPhone.Build.0 = AppStore|iPhone
		{A99EF0BA-4DEA-4432-816F-40E010D36D06}.AppStore|iPhone.Deploy.0 = AppStore|iPhone
		{A99EF0BA-4DEA-4432-816F-40E010D36D06}.AppStore|iPhoneSimulator.ActiveCfg = AppStore|iPhoneSimulator
		{A99EF0BA-4DEA-4432-816F-40E010D36D06}.AppStore|iPhoneSimulator.Build.0 = AppStore|iPhoneSimulator
		{A99EF0BA-4DEA-4432-816F-40E010D36D06}.AppStore|iPhoneSimulator.Deploy.0 = AppStore|iPhoneSimulator
		{A99EF0BA-4DEA-4432-816F-40E010D36D06}.Debug|Any CPU.ActiveCfg = Debug|iPhoneSimulator
		{A99EF0BA-4DEA-4432-816F-40E010D36D06}.Debug|Any CPU.Build.0 = Debug|iPhoneSimulator
		{A99EF0BA-4DEA-4432-816F-40E010D36D06}.Debug|Any CPU.Deploy.0 = Debug|iPhoneSimulator
		{A99EF0BA-4DEA-4432-816F-40E010D36D06}.Debug|iPhone.ActiveCfg = Debug|iPhone
		{A99EF0BA-4DEA-4432-816F-40E010D36D06}.Debug|iPhone.Build.0 = Debug|iPhone
		{A99EF0BA-4DEA-4432-816F-40E010D36D06}.Debug|iPhone.Deploy.0 = Debug|iPhone
		{A99EF0BA-4DEA-4432-816F-40E010D36D06}.Debug|iPhoneSimulator.ActiveCfg = Debug|iPhoneSimulator
		{A99EF0BA-4DEA-4432-816F-40E010D36D06}.Debug|iPhoneSimulator.Build.0 = Debug|iPhoneSimulator
		{A99EF0BA-4DEA-4432-816F-40E010D36D06}.Debug|iPhoneSimulator.Deploy.0 = Debug|iPhoneSimulator
		{A99EF0BA-4DEA-4432-816F-40E010D36D06}.Release|Any CPU.ActiveCfg = Release|iPhone
		{A99EF0BA-4DEA-4432-816F-40E010D36D06}.Release|Any CPU.Build.0 = Release|iPhone
		{A99EF0BA-4DEA-4432-816F-40E010D36D06}.Release|Any CPU.Deploy.0 = Release|iPhone
		{A99EF0BA-4DEA-4432-816F-40E010D36D06}.Release|iPhone.ActiveCfg = Release|iPhone
		{A99EF0BA-4DEA-4432-816F-40E010D36D06}.Release|iPhone.Build.0 = Release|iPhone
		{A99EF0BA-4DEA-4432-816F-40E010D36D06}.Release|iPhone.Deploy.0 = Release|iPhone
		{A99EF0BA-4DEA-4432-816F-40E010D36D06}.Release|iPhoneSimulator.ActiveCfg = Release|iPhoneSimulator
		{A99EF0BA-4DEA-4432-816F-40E010D36D06}.Release|iPhoneSimulator.Build.0 = Release|iPhoneSimulator
		{A99EF0BA-4DEA-4432-816F-40E010D36D06}.Release|iPhoneSimulator.Deploy.0 = Release|iPhoneSimulator
		{A6FDAC19-9129-45B8-9645-288BB81F64DD}.Ad-Hoc|Any CPU.ActiveCfg = Debug|Any CPU
		{A6FDAC19-9129-45B8-9645-288BB81F64DD}.Ad-Hoc|Any CPU.Build.0 = Debug|Any CPU
		{A6FDAC19-9129-45B8-9645-288BB81F64DD}.Ad-Hoc|Any CPU.Deploy.0 = Debug|Any CPU
		{A6FDAC19-9129-45B8-9645-288BB81F64DD}.Ad-Hoc|iPhone.ActiveCfg = Debug|Any CPU
		{A6FDAC19-9129-45B8-9645-288BB81F64DD}.Ad-Hoc|iPhone.Build.0 = Debug|Any CPU
		{A6FDAC19-9129-45B8-9645-288BB81F64DD}.Ad-Hoc|iPhone.Deploy.0 = Debug|Any CPU
		{A6FDAC19-9129-45B8-9645-288BB81F64DD}.Ad-Hoc|iPhoneSimulator.ActiveCfg = Debug|Any CPU
		{A6FDAC19-9129-45B8-9645-288BB81F64DD}.Ad-Hoc|iPhoneSimulator.Build.0 = Debug|Any CPU
		{A6FDAC19-9129-45B8-9645-288BB81F64DD}.Ad-Hoc|iPhoneSimulator.Deploy.0 = Debug|Any CPU
		{A6FDAC19-9129-45B8-9645-288BB81F64DD}.AppStore|Any CPU.ActiveCfg = Debug|Any CPU
		{A6FDAC19-9129-45B8-9645-288BB81F64DD}.AppStore|Any CPU.Build.0 = Debug|Any CPU
		{A6FDAC19-9129-45B8-9645-288BB81F64DD}.AppStore|Any CPU.Deploy.0 = Debug|Any CPU
		{A6FDAC19-9129-45B8-9645-288BB81F64DD}.AppStore|iPhone.ActiveCfg = Debug|Any CPU
		{A6FDAC19-9129-45B8-9645-288BB81F64DD}.AppStore|iPhone.Build.0 = Debug|Any CPU
		{A6FDAC19-9129-45B8-9645-288BB81F64DD}.AppStore|iPhone.Deploy.0 = Debug|Any CPU
		{A6FDAC19-9129-45B8-9645-288BB81F64DD}.AppStore|iPhoneSimulator.ActiveCfg = Debug|Any CPU
		{A6FDAC19-9129-45B8-9645-288BB81F64DD}.AppStore|iPhoneSimulator.Build.0 = Debug|Any CPU
		{A6FDAC19-9129-45B8-9645-288BB81F64DD}.AppStore|iPhoneSimulator.Deploy.0 = Debug|Any CPU
		{A6FDAC19-9129-45B8-9645-288BB81F64DD}.Debug|Any CPU.ActiveCfg = Debug|Any CPU
		{A6FDAC19-9129-45B8-9645-288BB81F64DD}.Debug|Any CPU.Build.0 = Debug|Any CPU
		{A6FDAC19-9129-45B8-9645-288BB81F64DD}.Debug|Any CPU.Deploy.0 = Debug|Any CPU
		{A6FDAC19-9129-45B8-9645-288BB81F64DD}.Debug|iPhone.ActiveCfg = Debug|Any CPU
		{A6FDAC19-9129-45B8-9645-288BB81F64DD}.Debug|iPhone.Build.0 = Debug|Any CPU
		{A6FDAC19-9129-45B8-9645-288BB81F64DD}.Debug|iPhone.Deploy.0 = Debug|Any CPU
		{A6FDAC19-9129-45B8-9645-288BB81F64DD}.Debug|iPhoneSimulator.ActiveCfg = Debug|Any CPU
		{A6FDAC19-9129-45B8-9645-288BB81F64DD}.Debug|iPhoneSimulator.Build.0 = Debug|Any CPU
		{A6FDAC19-9129-45B8-9645-288BB81F64DD}.Debug|iPhoneSimulator.Deploy.0 = Debug|Any CPU
		{A6FDAC19-9129-45B8-9645-288BB81F64DD}.Release|Any CPU.ActiveCfg = Release|Any CPU
		{A6FDAC19-9129-45B8-9645-288BB81F64DD}.Release|Any CPU.Build.0 = Release|Any CPU
		{A6FDAC19-9129-45B8-9645-288BB81F64DD}.Release|Any CPU.Deploy.0 = Release|Any CPU
		{A6FDAC19-9129-45B8-9645-288BB81F64DD}.Release|iPhone.ActiveCfg = Release|Any CPU
		{A6FDAC19-9129-45B8-9645-288BB81F64DD}.Release|iPhone.Build.0 = Release|Any CPU
		{A6FDAC19-9129-45B8-9645-288BB81F64DD}.Release|iPhone.Deploy.0 = Release|Any CPU
		{A6FDAC19-9129-45B8-9645-288BB81F64DD}.Release|iPhoneSimulator.ActiveCfg = Release|Any CPU
		{A6FDAC19-9129-45B8-9645-288BB81F64DD}.Release|iPhoneSimulator.Build.0 = Release|Any CPU
		{A6FDAC19-9129-45B8-9645-288BB81F64DD}.Release|iPhoneSimulator.Deploy.0 = Release|Any CPU
	EndGlobalSection
	GlobalSection(SolutionProperties) = preSolution
		HideSolutionNode = FALSE
	EndGlobalSection
	GlobalSection(ExtensibilityGlobals) = postSolution
		SolutionGuid = {C47F1A6B-1B2D-4C04-82BD-62C5EA3304B2}
	EndGlobalSection
EndGlobal
